
Microsoft Visual Studio Solution File, Format Version 11.00
# Visual Studio 2010
Project("{8BC9CEB8-8B4A-11D0-8D11-00A0C91BC942}") = "modbus-potato", "modbus-potato.vcxproj", "{937951E8-6703-4B35-9A18-28DE995E11D6}"
EndProject
Project("{8BC9CEB8-8B4A-11D0-8D11-00A0C91BC942}") = "Unit Tests", "Unit Tests\Unit Tests.vcxproj", "{D1C21ADE-3ED2-48A0-9FB3-1D275C26FB2C}"
EndProject
Project("{2150E333-8FDC-42A3-9474-1A3956D46DE8}") = "Solution Items", "Solution Items", "{9F630469-D294-426D-933C-ACACA56203E3}"
	ProjectSection(SolutionItems) = preProject
		Local.testsettings = Local.testsettings
		modbus-potato.vsmdi = modbus-potato.vsmdi
		..\..\..\README.md = ..\..\..\README.md
		TraceAndTestImpact.testsettings = TraceAndTestImpact.testsettings
	EndProjectSection
EndProject
Global
	GlobalSection(TestCaseManagementSettings) = postSolution
		CategoryFile = modbus-potato.vsmdi
	EndGlobalSection
	GlobalSection(SolutionConfigurationPlatforms) = preSolution
		Debug|Win32 = Debug|Win32
		Release|Win32 = Release|Win32
	EndGlobalSection
	GlobalSection(ProjectConfigurationPlatforms) = postSolution
		{937951E8-6703-4B35-9A18-28DE995E11D6}.Debug|Win32.ActiveCfg = Debug|Win32
		{937951E8-6703-4B35-9A18-28DE995E11D6}.Debug|Win32.Build.0 = Debug|Win32
		{937951E8-6703-4B35-9A18-28DE995E11D6}.Release|Win32.ActiveCfg = Release|Win32
		{937951E8-6703-4B35-9A18-28DE995E11D6}.Release|Win32.Build.0 = Release|Win32
		{D1C21ADE-3ED2-48A0-9FB3-1D275C26FB2C}.Debug|Win32.ActiveCfg = Debug|Win32
		{D1C21ADE-3ED2-48A0-9FB3-1D275C26FB2C}.Debug|Win32.Build.0 = Debug|Win32
		{D1C21ADE-3ED2-48A0-9FB3-1D275C26FB2C}.Release|Win32.ActiveCfg = Release|Win32
		{D1C21ADE-3ED2-48A0-9FB3-1D275C26FB2C}.Release|Win32.Build.0 = Release|Win32
	EndGlobalSection
	GlobalSection(SolutionProperties) = preSolution
		HideSolutionNode = FALSE
	EndGlobalSection
EndGlobal
